
Microsoft Visual Studio Solution File, Format Version 12.00
# Visual Studio 15
VisualStudioVersion = 15.0.27130.2026
MinimumVisualStudioVersion = 10.0.40219.1
Project("{9A19103F-16F7-4668-BE54-9A1E7A4F7556}") = "Smart.Windows", "Smart.Windows\Smart.Windows.csproj", "{734E6D5E-F6FD-4684-9936-7CF8665C573F}"
EndProject
Project("{2150E333-8FDC-42A3-9474-1A3956D46DE8}") = "Solution Items", "Solution Items", "{3DB89B81-8A05-4E46-B1BD-8A86AE9A78A2}"
	ProjectSection(SolutionItems) = preProject
		.editorconfig = .editorconfig
		.gitattributes = .gitattributes
		.gitignore = .gitignore
		Directory.Build.props = Directory.Build.props
		Directory.Build.targets = Directory.Build.targets
		README.md = README.md
		Smart.Windows.nuspec = Smart.Windows.nuspec
		Smart.Windows.Reactive.nuspec = Smart.Windows.Reactive.nuspec
		Smart.Windows.Resolver.nuspec = Smart.Windows.Resolver.nuspec
		Smart.Windows.ruleset = Smart.Windows.ruleset
		Smart.Windows.sln.DotSettings = Smart.Windows.sln.DotSettings
	EndProjectSection
EndProject
Project("{9A19103F-16F7-4668-BE54-9A1E7A4F7556}") = "Smart.Windows.Reactive", "Smart.Windows.Reactive\Smart.Windows.Reactive.csproj", "{7537A7CA-1CA0-4E29-9F24-712434527638}"
EndProject
Project("{9A19103F-16F7-4668-BE54-9A1E7A4F7556}") = "Smart.Windows.Resolver", "Smart.Windows.Resolver\Smart.Windows.Resolver.csproj", "{387995C3-8712-491C-9000-1845813A1AB2}"
EndProject
Global
	GlobalSection(SolutionConfigurationPlatforms) = preSolution
		Debug|Any CPU = Debug|Any CPU
		Release|Any CPU = Release|Any CPU
	EndGlobalSection
	GlobalSection(ProjectConfigurationPlatforms) = postSolution
		{734E6D5E-F6FD-4684-9936-7CF8665C573F}.Debug|Any CPU.ActiveCfg = Debug|Any CPU
		{734E6D5E-F6FD-4684-9936-7CF8665C573F}.Debug|Any CPU.Build.0 = Debug|Any CPU
		{734E6D5E-F6FD-4684-9936-7CF8665C573F}.Release|Any CPU.ActiveCfg = Release|Any CPU
		{734E6D5E-F6FD-4684-9936-7CF8665C573F}.Release|Any CPU.Build.0 = Release|Any CPU
		{7537A7CA-1CA0-4E29-9F24-712434527638}.Debug|Any CPU.ActiveCfg = Debug|Any CPU
		{7537A7CA-1CA0-4E29-9F24-712434527638}.Debug|Any CPU.Build.0 = Debug|Any CPU
		{7537A7CA-1CA0-4E29-9F24-712434527638}.Release|Any CPU.ActiveCfg = Release|Any CPU
		{7537A7CA-1CA0-4E29-9F24-712434527638}.Release|Any CPU.Build.0 = Release|Any CPU
		{387995C3-8712-491C-9000-1845813A1AB2}.Debug|Any CPU.ActiveCfg = Debug|Any CPU
		{387995C3-8712-491C-9000-1845813A1AB2}.Debug|Any CPU.Build.0 = Debug|Any CPU
		{387995C3-8712-491C-9000-1845813A1AB2}.Release|Any CPU.ActiveCfg = Release|Any CPU
		{387995C3-8712-491C-9000-1845813A1AB2}.Release|Any CPU.Build.0 = Release|Any CPU
	EndGlobalSection
	GlobalSection(SolutionProperties) = preSolution
		HideSolutionNode = FALSE
	EndGlobalSection
	GlobalSection(ExtensibilityGlobals) = postSolution
		SolutionGuid = {05BC7CBE-8E34-4443-B7E8-526101DDB280}
	EndGlobalSection
EndGlobal
