
Microsoft Visual Studio Solution File, Format Version 12.00
# Visual Studio 14
VisualStudioVersion = 14.0.25123.0
MinimumVisualStudioVersion = 10.0.40219.1
Project("{FAE04EC0-301F-11D3-BF4B-00C04F79EFBC}") = "Smart.Windows", "Smart.Windows\Smart.Windows.csproj", "{096D42E1-E503-4BE7-971D-6351E60319E1}"
EndProject
Project("{FAE04EC0-301F-11D3-BF4B-00C04F79EFBC}") = "Smart.Windows.Reactive", "Smart.Windows.Reactive\Smart.Windows.Reactive.csproj", "{FD0246AE-C63C-468F-A0BF-7C48777211C0}"
EndProject
Project("{2150E333-8FDC-42A3-9474-1A3956D46DE8}") = "Solution Items", "Solution Items", "{0A61A538-8F01-454A-A3DA-E738B26C6608}"
	ProjectSection(SolutionItems) = preProject
		.gitignore = .gitignore
		README.md = README.md
		Smart.ruleset = Smart.ruleset
		Smart.Windows.nuspec = Smart.Windows.nuspec
		Smart.Windows.Reactive.nuspec = Smart.Windows.Reactive.nuspec
		Smart.Windows.sln.DotSettings = Smart.Windows.sln.DotSettings
	EndProjectSection
EndProject
Global
	GlobalSection(SolutionConfigurationPlatforms) = preSolution
		Debug|Any CPU = Debug|Any CPU
		Release|Any CPU = Release|Any CPU
	EndGlobalSection
	GlobalSection(ProjectConfigurationPlatforms) = postSolution
		{096D42E1-E503-4BE7-971D-6351E60319E1}.Debug|Any CPU.ActiveCfg = Debug|Any CPU
		{096D42E1-E503-4BE7-971D-6351E60319E1}.Debug|Any CPU.Build.0 = Debug|Any CPU
		{096D42E1-E503-4BE7-971D-6351E60319E1}.Release|Any CPU.ActiveCfg = Release|Any CPU
		{096D42E1-E503-4BE7-971D-6351E60319E1}.Release|Any CPU.Build.0 = Release|Any CPU
		{FD0246AE-C63C-468F-A0BF-7C48777211C0}.Debug|Any CPU.ActiveCfg = Debug|Any CPU
		{FD0246AE-C63C-468F-A0BF-7C48777211C0}.Debug|Any CPU.Build.0 = Debug|Any CPU
		{FD0246AE-C63C-468F-A0BF-7C48777211C0}.Release|Any CPU.ActiveCfg = Release|Any CPU
		{FD0246AE-C63C-468F-A0BF-7C48777211C0}.Release|Any CPU.Build.0 = Release|Any CPU
	EndGlobalSection
	GlobalSection(SolutionProperties) = preSolution
		HideSolutionNode = FALSE
	EndGlobalSection
EndGlobal
